
Microsoft Visual Studio Solution File, Format Version 12.00
# Visual Studio Version 17
VisualStudioVersion = 17.14.36603.0 d17.14
MinimumVisualStudioVersion = 10.0.40219.1
Project("{FAE04EC0-301F-11D3-BF4B-00C04F79EFBC}") = "fruitcrush", "fruitcrush\fruitcrush.csproj", "{3394B7F2-CED9-4337-B970-21BF242D42C0}"
EndProject
Global
	GlobalSection(SolutionConfigurationPlatforms) = preSolution
		Debug|Any CPU = Debug|Any CPU
		Release|Any CPU = Release|Any CPU
	EndGlobalSection
	GlobalSection(ProjectConfigurationPlatforms) = postSolution
		{3394B7F2-CED9-4337-B970-21BF242D42C0}.Debug|Any CPU.ActiveCfg = Debug|Any CPU
		{3394B7F2-CED9-4337-B970-21BF242D42C0}.Debug|Any CPU.Build.0 = Debug|Any CPU
		{3394B7F2-CED9-4337-B970-21BF242D42C0}.Release|Any CPU.ActiveCfg = Release|Any CPU
		{3394B7F2-CED9-4337-B970-21BF242D42C0}.Release|Any CPU.Build.0 = Release|Any CPU
	EndGlobalSection
	GlobalSection(SolutionProperties) = preSolution
		HideSolutionNode = FALSE
	EndGlobalSection
	GlobalSection(ExtensibilityGlobals) = postSolution
		SolutionGuid = {2D6A278B-B5D3-470F-9C7B-A1B5CBCC6CA9}
	EndGlobalSection
EndGlobal
